
Microsoft Visual Studio Solution File, Format Version 12.00
# Visual Studio Version 16
VisualStudioVersion = 16.0.35229.62
MinimumVisualStudioVersion = 10.0.40219.1
Project("{FAE04EC0-301F-11D3-BF4B-00C04F79EFBC}") = "funcion_if", "funcion_if.csproj", "{31D00803-C266-4133-A96A-2CF36A1AEE41}"
EndProject
Global
	GlobalSection(SolutionConfigurationPlatforms) = preSolution
		Debug|Any CPU = Debug|Any CPU
		Release|Any CPU = Release|Any CPU
	EndGlobalSection
	GlobalSection(ProjectConfigurationPlatforms) = postSolution
		{31D00803-C266-4133-A96A-2CF36A1AEE41}.Debug|Any CPU.ActiveCfg = Debug|Any CPU
		{31D00803-C266-4133-A96A-2CF36A1AEE41}.Debug|Any CPU.Build.0 = Debug|Any CPU
		{31D00803-C266-4133-A96A-2CF36A1AEE41}.Release|Any CPU.ActiveCfg = Release|Any CPU
		{31D00803-C266-4133-A96A-2CF36A1AEE41}.Release|Any CPU.Build.0 = Release|Any CPU
	EndGlobalSection
	GlobalSection(SolutionProperties) = preSolution
		HideSolutionNode = FALSE
	EndGlobalSection
	GlobalSection(ExtensibilityGlobals) = postSolution
		SolutionGuid = {CEFF07F7-776E-460B-8179-C3DA0D73B102}
	EndGlobalSection
EndGlobal
